
Microsoft Visual Studio Solution File, Format Version 12.00
# Visual Studio Version 17
VisualStudioVersion = 17.13.35825.156 d17.13
MinimumVisualStudioVersion = 10.0.40219.1
Project("{FAE04EC0-301F-11D3-BF4B-00C04F79EFBC}") = "SpeedrunRaceDashboard", "SpeedrunRaceDashboard.csproj", "{DA2449F7-1967-40C8-9AE7-9A5A842E0044}"
EndProject
Global
	GlobalSection(SolutionConfigurationPlatforms) = preSolution
		Debug|Any CPU = Debug|Any CPU
		Release|Any CPU = Release|Any CPU
	EndGlobalSection
	GlobalSection(ProjectConfigurationPlatforms) = postSolution
		{DA2449F7-1967-40C8-9AE7-9A5A842E0044}.Debug|Any CPU.ActiveCfg = Debug|Any CPU
		{DA2449F7-1967-40C8-9AE7-9A5A842E0044}.Debug|Any CPU.Build.0 = Debug|Any CPU
		{DA2449F7-1967-40C8-9AE7-9A5A842E0044}.Release|Any CPU.ActiveCfg = Release|Any CPU
		{DA2449F7-1967-40C8-9AE7-9A5A842E0044}.Release|Any CPU.Build.0 = Release|Any CPU
	EndGlobalSection
	GlobalSection(SolutionProperties) = preSolution
		HideSolutionNode = FALSE
	EndGlobalSection
	GlobalSection(ExtensibilityGlobals) = postSolution
		SolutionGuid = {E92647D8-2083-4FA1-A03F-FC74BE8779D7}
	EndGlobalSection
EndGlobal
